
Microsoft Visual Studio Solution File, Format Version 11.00
# Visual Studio 2010
Project("{FAE04EC0-301F-11D3-BF4B-00C04F79EFBC}") = "Assembly-CSharp", "Assembly-CSharp.csproj", "{d828e183-a5fe-bcce-2eae-4831f62c5ab7}"
EndProject
Project("{FAE04EC0-301F-11D3-BF4B-00C04F79EFBC}") = "Assembly-CSharp-Editor", "Assembly-CSharp-Editor.csproj", "{9ee3bb6f-976d-4ecf-94ef-50274caf21cc}"
EndProject
Global
	GlobalSection(SolutionConfigurationPlatforms) = preSolution
		Debug|Any CPU = Debug|Any CPU
	EndGlobalSection
	GlobalSection(ProjectConfigurationPlatforms) = postSolution
		{d828e183-a5fe-bcce-2eae-4831f62c5ab7}.Debug|Any CPU.ActiveCfg = Debug|Any CPU
		{d828e183-a5fe-bcce-2eae-4831f62c5ab7}.Debug|Any CPU.Build.0 = Debug|Any CPU
		{9ee3bb6f-976d-4ecf-94ef-50274caf21cc}.Debug|Any CPU.ActiveCfg = Debug|Any CPU
		{9ee3bb6f-976d-4ecf-94ef-50274caf21cc}.Debug|Any CPU.Build.0 = Debug|Any CPU
	EndGlobalSection
	GlobalSection(SolutionProperties) = preSolution
		HideSolutionNode = FALSE
	EndGlobalSection
EndGlobal
